<?xml version="1.0" encoding="utf-8"?>
<Project ToolsVersion="4.0" xmlns="http://schemas.microsoft.com/developer/msbuild/2003">
  <ItemGroup>
    <Filter Include="源文件">
      <UniqueIdentifier>{4FC737F1-C7A5-4376-A066-2A32D752A2FF}</UniqueIdentifier>
      <Extensions>cpp;c;cc;cxx;c++;cppm;ixx;def;odl;idl;hpj;bat;asm;asmx</Extensions>
    </Filter>
    <Filter Include="头文件">
      <UniqueIdentifier>{93995380-89BD-4b04-88EB-625FBE52EBFB}</UniqueIdentifier>
      <Extensions>h;hh;hpp;hxx;h++;hm;inl;inc;ipp;xsd</Extensions>
    </Filter>
    <Filter Include="资源文件">
      <UniqueIdentifier>{67DA6AB6-F800-4c08-8B7A-83BB121AAD01}</UniqueIdentifier>
      <Extensions>rc;ico;cur;bmp;dlg;rc2;rct;bin;rgs;gif;jpg;jpeg;jpe;resx;tiff;tif;png;wav;mfcribbon-ms</Extensions>
    </Filter>
    <Filter Include="Bindables">
      <UniqueIdentifier>{ce8b7cb4-7acd-446f-8a61-aa65d4164295}</UniqueIdentifier>
    </Filter>
    <Filter Include="Drawables">
      <UniqueIdentifier>{7c7e13ec-ef00-43a6-a4f2-fe72ae3174fc}</UniqueIdentifier>
    </Filter>
    <Filter Include="Bindables\头文件">
      <UniqueIdentifier>{e88ba3ea-a5c8-4491-a064-223f6d48c820}</UniqueIdentifier>
    </Filter>
    <Filter Include="Bindables\源文件">
      <UniqueIdentifier>{44b093b2-160b-4269-baa8-bdd4a164637d}</UniqueIdentifier>
    </Filter>
    <Filter Include="Jobber">
      <UniqueIdentifier>{c205c1d6-523a-4d75-87c1-0fbe3402af84}</UniqueIdentifier>
    </Filter>
    <Filter Include="Jobber\头文件">
      <UniqueIdentifier>{97eaa658-dd2e-4c6d-9298-17a1b5b696c2}</UniqueIdentifier>
    </Filter>
    <Filter Include="Jobber\源文件">
      <UniqueIdentifier>{04bfd99b-17cc-4492-84ea-ba13f049f75d}</UniqueIdentifier>
    </Filter>
    <Filter Include="Drawables\头文件">
      <UniqueIdentifier>{fd608473-a496-4bfa-b962-c191cd8e3fb4}</UniqueIdentifier>
    </Filter>
    <Filter Include="Drawables\源文件">
      <UniqueIdentifier>{2a992ca5-36d0-468e-bdbf-20b5884ca026}</UniqueIdentifier>
    </Filter>
    <Filter Include="Macros">
      <UniqueIdentifier>{5738145e-cf66-4682-b3a8-55fa8d8e3e80}</UniqueIdentifier>
    </Filter>
    <Filter Include="Dynamic">
      <UniqueIdentifier>{345e9a19-5e13-4d0c-99a4-8cbd9ff5fceb}</UniqueIdentifier>
    </Filter>
    <Filter Include="Dynamic\头文件">
      <UniqueIdentifier>{179c1bc5-1cb3-4b63-a962-ba86c38e2b41}</UniqueIdentifier>
    </Filter>
    <Filter Include="Dynamic\源文件">
      <UniqueIdentifier>{3b7950d4-d44e-48e6-9114-e35d59550045}</UniqueIdentifier>
    </Filter>
    <Filter Include="SceneGraph">
      <UniqueIdentifier>{0b1cf69e-9fd0-4c2a-ac2f-4ca8f3f24dbe}</UniqueIdentifier>
    </Filter>
    <Filter Include="SceneGraph\头文件">
      <UniqueIdentifier>{8b99a549-30b3-42f3-ae08-ff4ac9714bd0}</UniqueIdentifier>
    </Filter>
    <Filter Include="SceneGraph\源文件">
      <UniqueIdentifier>{bf12314f-42b6-4857-a027-c4e86af8125d}</UniqueIdentifier>
    </Filter>
    <Filter Include="Common">
      <UniqueIdentifier>{570c1e2a-4748-4c66-a93a-aea02fc0ae23}</UniqueIdentifier>
    </Filter>
    <Filter Include="Common\头文件">
      <UniqueIdentifier>{fe060cbe-ad8f-4c9c-93ab-5cd2e5e3542e}</UniqueIdentifier>
    </Filter>
    <Filter Include="Common\源文件">
      <UniqueIdentifier>{d32ab770-6d02-46f8-a28e-e87f91060f9c}</UniqueIdentifier>
    </Filter>
    <Filter Include="Pipeline">
      <UniqueIdentifier>{4febd24d-2a79-4afe-8050-a25e7b05efa5}</UniqueIdentifier>
    </Filter>
    <Filter Include="Pipeline\头文件">
      <UniqueIdentifier>{d4f5c306-b58f-49f6-9c2d-3bca7a694bf8}</UniqueIdentifier>
    </Filter>
    <Filter Include="Pipeline\源文件">
      <UniqueIdentifier>{963647f6-57aa-41c4-afc7-44dd6326f42f}</UniqueIdentifier>
    </Filter>
  </ItemGroup>
  <ItemGroup>
    <ClInclude Include="camera.h">
      <Filter>头文件</Filter>
    </ClInclude>
    <ClInclude Include="computeshader.h">
      <Filter>头文件</Filter>
    </ClInclude>
    <ClInclude Include="shader.h">
      <Filter>头文件</Filter>
    </ClInclude>
    <ClInclude Include="storageimage.h">
      <Filter>头文件</Filter>
    </ClInclude>
    <ClInclude Include="texturebuilder.h">
      <Filter>头文件</Filter>
    </ClInclude>
    <ClInclude Include="utils.h">
      <Filter>头文件</Filter>
    </ClInclude>
    <ClInclude Include="texturebase.h">
      <Filter>头文件</Filter>
    </ClInclude>
    <ClInclude Include="buffer.h">
      <Filter>头文件</Filter>
    </ClInclude>
    <ClInclude Include="init.h">
      <Filter>头文件</Filter>
    </ClInclude>
    <ClInclude Include="test.h">
      <Filter>头文件</Filter>
    </ClInclude>
    <ClInclude Include="cpuTimer.h">
      <Filter>头文件</Filter>
    </ClInclude>
    <ClInclude Include="mesh.h">
      <Filter>头文件</Filter>
    </ClInclude>
    <ClInclude Include="models.h">
      <Filter>头文件</Filter>
    </ClInclude>
    <ClInclude Include="geometry.h">
      <Filter>头文件</Filter>
    </ClInclude>
    <ClInclude Include="tools.h">
      <Filter>头文件</Filter>
    </ClInclude>
    <ClInclude Include="Bindables\bindable.h">
      <Filter>Bindables\头文件</Filter>
    </ClInclude>
    <ClInclude Include="Jobber\technique_probe.h">
      <Filter>Jobber\头文件</Filter>
    </ClInclude>
    <ClInclude Include="Drawables\drawable.h">
      <Filter>Drawables\头文件</Filter>
    </ClInclude>
    <ClInclude Include="Bindables\bindable_resolver.h">
      <Filter>Bindables\头文件</Filter>
    </ClInclude>
    <ClInclude Include="Bindables\blendstate.h">
      <Filter>Bindables\头文件</Filter>
    </ClInclude>
    <ClInclude Include="Macros\conditional_noexcept.h">
      <Filter>Macros</Filter>
    </ClInclude>
    <ClInclude Include="Dynamic\dynamic_vertex.h">
      <Filter>Dynamic\头文件</Filter>
    </ClInclude>
    <ClInclude Include="Bindables\vertexbuffer.h">
      <Filter>Bindables\头文件</Filter>
    </ClInclude>
    <ClInclude Include="Bindables\indexbuffer.h">
      <Filter>Bindables\头文件</Filter>
    </ClInclude>
    <ClInclude Include="Bindables\dsstate.h">
      <Filter>Bindables\头文件</Filter>
    </ClInclude>
    <ClInclude Include="resourcefactory.h">
      <Filter>头文件</Filter>
    </ClInclude>
    <ClInclude Include="Bindables\inputlayout.h">
      <Filter>Bindables\头文件</Filter>
    </ClInclude>
    <ClInclude Include="Dynamic\shader_reflection.h">
      <Filter>Dynamic\头文件</Filter>
    </ClInclude>
    <ClInclude Include="Bindables\shaderprogram.h">
      <Filter>Bindables\头文件</Filter>
    </ClInclude>
    <ClInclude Include="ogl_structures.h">
      <Filter>头文件</Filter>
    </ClInclude>
    <ClInclude Include="Bindables\rasterizer.h">
      <Filter>Bindables\头文件</Filter>
    </ClInclude>
    <ClInclude Include="Bindables\includer.h">
      <Filter>Bindables\头文件</Filter>
    </ClInclude>
    <ClInclude Include="Bindables\viewscissor.h">
      <Filter>Bindables\头文件</Filter>
    </ClInclude>
    <ClInclude Include="Bindables\imagetexture2D.h">
      <Filter>Bindables\头文件</Filter>
    </ClInclude>
    <ClInclude Include="Bindables\imagetexture2Darray.h">
      <Filter>Bindables\头文件</Filter>
    </ClInclude>
    <ClInclude Include="Bindables\cubemap.h">
      <Filter>Bindables\头文件</Filter>
    </ClInclude>
    <ClInclude Include="Bindables\rendertarget.h">
      <Filter>Bindables\头文件</Filter>
    </ClInclude>
    <ClInclude Include="Bindables\abstracttexture.h">
      <Filter>Bindables\头文件</Filter>
    </ClInclude>
    <ClInclude Include="Dynamic\dynamic_constant.h">
      <Filter>Dynamic\头文件</Filter>
    </ClInclude>
    <ClInclude Include="Dynamic\constant_resolver.h">
      <Filter>Dynamic\头文件</Filter>
    </ClInclude>
    <ClInclude Include="Bindables\constantbuffer.h">
      <Filter>Bindables\头文件</Filter>
    </ClInclude>
    <ClInclude Include="Dynamic\shader_reflection_resolver.h">
      <Filter>Dynamic\头文件</Filter>
    </ClInclude>
    <ClInclude Include="Bindables\shaderobject.h">
      <Filter>Bindables\头文件</Filter>
    </ClInclude>
    <ClInclude Include="SceneGraph\scene.h">
      <Filter>SceneGraph\头文件</Filter>
    </ClInclude>
    <ClInclude Include="logging.h">
      <Filter>头文件</Filter>
    </ClInclude>
    <ClInclude Include="SceneGraph\node.h">
      <Filter>SceneGraph\头文件</Filter>
    </ClInclude>
    <ClInclude Include="SceneGraph\transform.h">
      <Filter>SceneGraph\头文件</Filter>
    </ClInclude>
    <ClInclude Include="assimploader.h">
      <Filter>头文件</Filter>
    </ClInclude>
    <ClInclude Include="SceneGraph\material.h">
      <Filter>SceneGraph\头文件</Filter>
    </ClInclude>
    <ClInclude Include="Drawables\modelmesh.h">
      <Filter>Drawables\头文件</Filter>
    </ClInclude>
    <ClInclude Include="SceneGraph\modelproxy.h">
      <Filter>SceneGraph\头文件</Filter>
    </ClInclude>
    <ClInclude Include="Bindables\headers.h">
      <Filter>Bindables\头文件</Filter>
    </ClInclude>
    <ClInclude Include="Drawables\box.h">
      <Filter>Drawables\头文件</Filter>
    </ClInclude>
    <ClInclude Include="Drawables\sphere.h">
      <Filter>Drawables\头文件</Filter>
    </ClInclude>
    <ClInclude Include="Drawables\plane.h">
      <Filter>Drawables\头文件</Filter>
    </ClInclude>
    <ClInclude Include="SceneGraph\drawableproxy.h">
      <Filter>SceneGraph\头文件</Filter>
    </ClInclude>
    <ClInclude Include="Drawables\includer.h">
      <Filter>Drawables\头文件</Filter>
    </ClInclude>
    <ClInclude Include="drawableloader.h">
      <Filter>头文件</Filter>
    </ClInclude>
    <ClInclude Include="light.h">
      <Filter>头文件</Filter>
    </ClInclude>
    <ClInclude Include="Macros\shader_typedef.h">
      <Filter>Macros</Filter>
    </ClInclude>
    <ClInclude Include="Common\random_generator.h">
      <Filter>Common\头文件</Filter>
    </ClInclude>
    <ClInclude Include="Bindables\storagetexture2D.h">
      <Filter>Bindables\头文件</Filter>
    </ClInclude>
    <ClInclude Include="Bindables\storagetexture2Darray.h">
      <Filter>Bindables\头文件</Filter>
    </ClInclude>
    <ClInclude Include="Bindables\storagebuffer.h">
      <Filter>Bindables\头文件</Filter>
    </ClInclude>
    <ClInclude Include="Bindables\atomicounter.h">
      <Filter>Bindables\头文件</Filter>
    </ClInclude>
    <ClInclude Include="Bindables\pixelunpackbuffer.h">
      <Filter>Bindables\头文件</Filter>
    </ClInclude>
    <ClInclude Include="Bindables\Sampler.h">
      <Filter>Bindables\头文件</Filter>
    </ClInclude>
    <ClInclude Include="Bindables\texturebuffer.h">
      <Filter>Bindables\头文件</Filter>
    </ClInclude>
    <ClInclude Include="Common\render_helper.h">
      <Filter>Common\头文件</Filter>
    </ClInclude>
    <ClInclude Include="Common\computeProxy.h">
      <Filter>Common\头文件</Filter>
    </ClInclude>
    <ClInclude Include="Pipeline\defer.h">
      <Filter>Pipeline\头文件</Filter>
    </ClInclude>
    <ClInclude Include="Pipeline\postprocess.h">
      <Filter>Pipeline\头文件</Filter>
    </ClInclude>
    <ClInclude Include="gfxdebug_helper.h">
      <Filter>Macros</Filter>
    </ClInclude>
  </ItemGroup>
  <ItemGroup>
    <ClCompile Include="storageimage.cpp">
      <Filter>源文件</Filter>
    </ClCompile>
    <ClCompile Include="texturebuilder.cpp">
      <Filter>源文件</Filter>
    </ClCompile>
    <ClCompile Include="utils.cpp">
      <Filter>源文件</Filter>
    </ClCompile>
    <ClCompile Include="texturebase.cpp">
      <Filter>源文件</Filter>
    </ClCompile>
    <ClCompile Include="textureimage.h">
      <Filter>头文件</Filter>
    </ClCompile>
    <ClCompile Include="textureimage.cpp">
      <Filter>源文件</Filter>
    </ClCompile>
    <ClCompile Include="buffer.cpp">
      <Filter>源文件</Filter>
    </ClCompile>
    <ClCompile Include="camera.cpp">
      <Filter>源文件</Filter>
    </ClCompile>
    <ClCompile Include="shader.cpp">
      <Filter>源文件</Filter>
    </ClCompile>
    <ClCompile Include="computeshader.cpp">
      <Filter>源文件</Filter>
    </ClCompile>
    <ClCompile Include="init.cpp">
      <Filter>源文件</Filter>
    </ClCompile>
    <ClCompile Include="nocopyable.h">
      <Filter>头文件</Filter>
    </ClCompile>
    <ClCompile Include="nocopyable.cpp">
      <Filter>源文件</Filter>
    </ClCompile>
    <ClCompile Include="test.cpp">
      <Filter>源文件</Filter>
    </ClCompile>
    <ClCompile Include="cpuTimer.cpp">
      <Filter>源文件</Filter>
    </ClCompile>
    <ClCompile Include="gpuTimer.h">
      <Filter>头文件</Filter>
    </ClCompile>
    <ClCompile Include="gpuTimer.cpp">
      <Filter>源文件</Filter>
    </ClCompile>
    <ClCompile Include="mesh.cpp">
      <Filter>源文件</Filter>
    </ClCompile>
    <ClCompile Include="models.cpp">
      <Filter>源文件</Filter>
    </ClCompile>
    <ClCompile Include="geometry.cpp">
      <Filter>源文件</Filter>
    </ClCompile>
    <ClCompile Include="tools.cpp">
      <Filter>源文件</Filter>
    </ClCompile>
    <ClCompile Include="Jobber\technique_probe.cpp">
      <Filter>Jobber\源文件</Filter>
    </ClCompile>
    <ClCompile Include="Drawables\drawable.cpp">
      <Filter>Drawables\源文件</Filter>
    </ClCompile>
    <ClCompile Include="Bindables\blendstate.cpp">
      <Filter>Bindables\源文件</Filter>
    </ClCompile>
    <ClCompile Include="Dynamic\dynamic_vertex.cpp">
      <Filter>Dynamic\源文件</Filter>
    </ClCompile>
    <ClCompile Include="Bindables\vertexbuffer.cpp">
      <Filter>Bindables\源文件</Filter>
    </ClCompile>
    <ClCompile Include="Bindables\indexbuffer.cpp">
      <Filter>Bindables\源文件</Filter>
    </ClCompile>
    <ClCompile Include="Bindables\dsstate.cpp">
      <Filter>Bindables\源文件</Filter>
    </ClCompile>
    <ClCompile Include="resourcefactory.cpp">
      <Filter>源文件</Filter>
    </ClCompile>
    <ClCompile Include="Bindables\inputlayout.cpp">
      <Filter>Bindables\源文件</Filter>
    </ClCompile>
    <ClCompile Include="Dynamic\shader_reflection.cpp">
      <Filter>Dynamic\源文件</Filter>
    </ClCompile>
    <ClCompile Include="Bindables\shaderprogram.cpp">
      <Filter>Bindables\源文件</Filter>
    </ClCompile>
    <ClCompile Include="ogl_structures.cpp">
      <Filter>源文件</Filter>
    </ClCompile>
    <ClCompile Include="Bindables\rasterizer.cpp">
      <Filter>Bindables\源文件</Filter>
    </ClCompile>
    <ClCompile Include="Bindables\viewscissor.cpp">
      <Filter>Bindables\源文件</Filter>
    </ClCompile>
    <ClCompile Include="Bindables\bindable.cpp">
      <Filter>Bindables\源文件</Filter>
    </ClCompile>
    <ClCompile Include="Bindables\imagetexture2D.cpp">
      <Filter>Bindables\源文件</Filter>
    </ClCompile>
    <ClCompile Include="Bindables\imagetexture2Darray.cpp">
      <Filter>Bindables\源文件</Filter>
    </ClCompile>
    <ClCompile Include="Bindables\cubemap.cpp">
      <Filter>Bindables\源文件</Filter>
    </ClCompile>
    <ClCompile Include="Bindables\rendertarget.cpp">
      <Filter>Bindables\源文件</Filter>
    </ClCompile>
    <ClCompile Include="Bindables\abstracttexture.cpp">
      <Filter>Bindables\源文件</Filter>
    </ClCompile>
    <ClCompile Include="Dynamic\dynamic_constant.cpp">
      <Filter>Dynamic\源文件</Filter>
    </ClCompile>
    <ClCompile Include="Dynamic\constant_resolver.cpp">
      <Filter>Dynamic\源文件</Filter>
    </ClCompile>
    <ClCompile Include="Bindables\constantbuffer.cpp">
      <Filter>Bindables\源文件</Filter>
    </ClCompile>
    <ClCompile Include="Dynamic\shader_reflection_resolver.cpp">
      <Filter>Dynamic\源文件</Filter>
    </ClCompile>
    <ClCompile Include="Bindables\shaderobject.cpp">
      <Filter>Bindables\源文件</Filter>
    </ClCompile>
    <ClCompile Include="SceneGraph\scene.cpp">
      <Filter>SceneGraph\源文件</Filter>
    </ClCompile>
    <ClCompile Include="logging.cpp">
      <Filter>源文件</Filter>
    </ClCompile>
    <ClCompile Include="SceneGraph\node.cpp">
      <Filter>SceneGraph\源文件</Filter>
    </ClCompile>
    <ClCompile Include="SceneGraph\transform.cpp">
      <Filter>SceneGraph\源文件</Filter>
    </ClCompile>
    <ClCompile Include="assimploader.cpp">
      <Filter>源文件</Filter>
    </ClCompile>
    <ClCompile Include="SceneGraph\material.cpp">
      <Filter>SceneGraph\源文件</Filter>
    </ClCompile>
    <ClCompile Include="Drawables\modelmesh.cpp">
      <Filter>Drawables\源文件</Filter>
    </ClCompile>
    <ClCompile Include="SceneGraph\modelproxy.cpp">
      <Filter>SceneGraph\源文件</Filter>
    </ClCompile>
    <ClCompile Include="Drawables\box.cpp">
      <Filter>Drawables\源文件</Filter>
    </ClCompile>
    <ClCompile Include="Drawables\sphere.cpp">
      <Filter>Drawables\源文件</Filter>
    </ClCompile>
    <ClCompile Include="Drawables\plane.cpp">
      <Filter>Drawables\源文件</Filter>
    </ClCompile>
    <ClCompile Include="SceneGraph\drawableproxy.cpp">
      <Filter>SceneGraph\源文件</Filter>
    </ClCompile>
    <ClCompile Include="drawableloader.cpp">
      <Filter>源文件</Filter>
    </ClCompile>
    <ClCompile Include="Common\random_generator.cpp">
      <Filter>Common\源文件</Filter>
    </ClCompile>
    <ClCompile Include="Bindables\storagetexture2D.cpp">
      <Filter>Bindables\源文件</Filter>
    </ClCompile>
    <ClCompile Include="Bindables\storagetexture2Darray.cpp">
      <Filter>Bindables\源文件</Filter>
    </ClCompile>
    <ClCompile Include="Bindables\storagebuffer.cpp">
      <Filter>Bindables\源文件</Filter>
    </ClCompile>
    <ClCompile Include="Bindables\atomicounter.cpp">
      <Filter>Bindables\源文件</Filter>
    </ClCompile>
    <ClCompile Include="Bindables\pixelunpackbuffer.cpp">
      <Filter>Bindables\源文件</Filter>
    </ClCompile>
    <ClCompile Include="Bindables\Sampler.cpp">
      <Filter>Bindables\源文件</Filter>
    </ClCompile>
    <ClCompile Include="Bindables\texturebuffer.cpp">
      <Filter>Bindables\源文件</Filter>
    </ClCompile>
    <ClCompile Include="Common\render_helper.cpp">
      <Filter>Common\源文件</Filter>
    </ClCompile>
    <ClCompile Include="Common\computeProxy.cpp">
      <Filter>Common\源文件</Filter>
    </ClCompile>
    <ClCompile Include="Pipeline\defer.cpp">
      <Filter>Pipeline\源文件</Filter>
    </ClCompile>
    <ClCompile Include="Pipeline\postprocess.cpp">
      <Filter>Pipeline\源文件</Filter>
    </ClCompile>
  </ItemGroup>
</Project>